// !$*UTF8*$!
{
	archiveVersion = 1;
	classes = {
	};
	objectVersion = 46;
	objects = {

/* Begin PBXBuildFile section */
		2A0600201623EB6000DBE085 /* Model.xcdatamodeld in Sources */ = {isa = PBXBuildFile; fileRef = 2A06001E1623EB6000DBE085 /* Model.xcdatamodeld */; };
		2A0600331623F79300DBE085 /* MiniUser.m in Sources */ = {isa = PBXBuildFile; fileRef = 2A0600321623F79200DBE085 /* MiniUser.m */; };
		2A060035162405A600DBE085 /* profile.gif in Resources */ = {isa = PBXBuildFile; fileRef = 2A060034162405A600DBE085 /* profile.gif */; };
		2A0600381624060300DBE085 /* TParentViewController.m in Sources */ = {isa = PBXBuildFile; fileRef = 2A0600371624060300DBE085 /* TParentViewController.m */; };
		2A06004F162407F300DBE085 /* AFHTTPClient.m in Sources */ = {isa = PBXBuildFile; fileRef = 2A06003B162407F300DBE085 /* AFHTTPClient.m */; settings = {COMPILER_FLAGS = "-fno-objc-arc"; }; };
		2A060050162407F300DBE085 /* AFHTTPRequestOperation.m in Sources */ = {isa = PBXBuildFile; fileRef = 2A06003D162407F300DBE085 /* AFHTTPRequestOperation.m */; settings = {COMPILER_FLAGS = "-fno-objc-arc"; }; };
		2A060051162407F300DBE085 /* AFImageRequestOperation.m in Sources */ = {isa = PBXBuildFile; fileRef = 2A06003F162407F300DBE085 /* AFImageRequestOperation.m */; settings = {COMPILER_FLAGS = "-fno-objc-arc"; }; };
		2A060052162407F300DBE085 /* AFJSONRequestOperation.m in Sources */ = {isa = PBXBuildFile; fileRef = 2A060041162407F300DBE085 /* AFJSONRequestOperation.m */; settings = {COMPILER_FLAGS = "-fno-objc-arc"; }; };
		2A060053162407F300DBE085 /* AFJSONUtilities.m in Sources */ = {isa = PBXBuildFile; fileRef = 2A060043162407F300DBE085 /* AFJSONUtilities.m */; settings = {COMPILER_FLAGS = "-fno-objc-arc"; }; };
		2A060054162407F300DBE085 /* AFNetworkActivityIndicatorManager.m in Sources */ = {isa = PBXBuildFile; fileRef = 2A060045162407F300DBE085 /* AFNetworkActivityIndicatorManager.m */; settings = {COMPILER_FLAGS = "-fno-objc-arc"; }; };
		2A060055162407F300DBE085 /* AFPropertyListRequestOperation.m in Sources */ = {isa = PBXBuildFile; fileRef = 2A060048162407F300DBE085 /* AFPropertyListRequestOperation.m */; settings = {COMPILER_FLAGS = "-fno-objc-arc"; }; };
		2A060056162407F300DBE085 /* AFURLConnectionOperation.m in Sources */ = {isa = PBXBuildFile; fileRef = 2A06004A162407F300DBE085 /* AFURLConnectionOperation.m */; settings = {COMPILER_FLAGS = "-fno-objc-arc"; }; };
		2A060057162407F300DBE085 /* AFXMLRequestOperation.m in Sources */ = {isa = PBXBuildFile; fileRef = 2A06004C162407F300DBE085 /* AFXMLRequestOperation.m */; settings = {COMPILER_FLAGS = "-fno-objc-arc"; }; };
		2A060058162407F300DBE085 /* UIImageView+AFNetworking.m in Sources */ = {isa = PBXBuildFile; fileRef = 2A06004E162407F300DBE085 /* UIImageView+AFNetworking.m */; settings = {COMPILER_FLAGS = "-fno-objc-arc"; }; };
		2A06005B16240C4300DBE085 /* CoreDataTableViewController.m in Sources */ = {isa = PBXBuildFile; fileRef = 2A06005A16240C4300DBE085 /* CoreDataTableViewController.m */; };
		2A06005E16240E2200DBE085 /* HomeViewController.m in Sources */ = {isa = PBXBuildFile; fileRef = 2A06005D16240E2200DBE085 /* HomeViewController.m */; };
		2A060061162413FB00DBE085 /* Tweet.m in Sources */ = {isa = PBXBuildFile; fileRef = 2A060060162413FB00DBE085 /* Tweet.m */; };
		2A0600641624292400DBE085 /* Tweet+Create.m in Sources */ = {isa = PBXBuildFile; fileRef = 2A0600631624292400DBE085 /* Tweet+Create.m */; };
		2A0600671624336200DBE085 /* MiniUser+Create.m in Sources */ = {isa = PBXBuildFile; fileRef = 2A0600661624336200DBE085 /* MiniUser+Create.m */; };
		2A33B19116268F0B00DD2F18 /* User.m in Sources */ = {isa = PBXBuildFile; fileRef = 2A33B19016268F0B00DD2F18 /* User.m */; };
		2A33B1981626A05000DD2F18 /* SearchTwitterViewControllerViewController.m in Sources */ = {isa = PBXBuildFile; fileRef = 2A33B1971626A05000DD2F18 /* SearchTwitterViewControllerViewController.m */; };
		2A33B19B1626F9EF00DD2F18 /* searchTweet.m in Sources */ = {isa = PBXBuildFile; fileRef = 2A33B19A1626F9EE00DD2F18 /* searchTweet.m */; };
		2A582B1D16311DDF002FED5A /* TwitterAccessAPI.m in Sources */ = {isa = PBXBuildFile; fileRef = 2A582B1C16311DDF002FED5A /* TwitterAccessAPI.m */; };
		2A6F42DA16357C390041E48F /* Social.framework in Frameworks */ = {isa = PBXBuildFile; fileRef = 2A6F42D916357C380041E48F /* Social.framework */; };
		2AB580C01622EFFB00D39F01 /* UIKit.framework in Frameworks */ = {isa = PBXBuildFile; fileRef = 2AB580BF1622EFFB00D39F01 /* UIKit.framework */; };
		2AB580C21622EFFB00D39F01 /* Foundation.framework in Frameworks */ = {isa = PBXBuildFile; fileRef = 2AB580C11622EFFB00D39F01 /* Foundation.framework */; };
		2AB580C41622EFFB00D39F01 /* CoreGraphics.framework in Frameworks */ = {isa = PBXBuildFile; fileRef = 2AB580C31622EFFB00D39F01 /* CoreGraphics.framework */; };
		2AB580CA1622EFFB00D39F01 /* InfoPlist.strings in Resources */ = {isa = PBXBuildFile; fileRef = 2AB580C81622EFFB00D39F01 /* InfoPlist.strings */; };
		2AB580CC1622EFFB00D39F01 /* main.m in Sources */ = {isa = PBXBuildFile; fileRef = 2AB580CB1622EFFB00D39F01 /* main.m */; };
		2AB580D01622EFFB00D39F01 /* loggingInAppDelegate.m in Sources */ = {isa = PBXBuildFile; fileRef = 2AB580CF1622EFFB00D39F01 /* loggingInAppDelegate.m */; };
		2AB580D21622EFFB00D39F01 /* Default.png in Resources */ = {isa = PBXBuildFile; fileRef = 2AB580D11622EFFB00D39F01 /* Default.png */; };
		2AB580D41622EFFB00D39F01 /* Default@2x.png in Resources */ = {isa = PBXBuildFile; fileRef = 2AB580D31622EFFB00D39F01 /* Default@2x.png */; };
		2AB580D61622EFFB00D39F01 /* Default-568h@2x.png in Resources */ = {isa = PBXBuildFile; fileRef = 2AB580D51622EFFB00D39F01 /* Default-568h@2x.png */; };
		2AB580D91622EFFB00D39F01 /* MainStoryboard.storyboard in Resources */ = {isa = PBXBuildFile; fileRef = 2AB580D71622EFFB00D39F01 /* MainStoryboard.storyboard */; };
		2AB580DC1622EFFB00D39F01 /* loggingInViewController.m in Sources */ = {isa = PBXBuildFile; fileRef = 2AB580DB1622EFFB00D39F01 /* loggingInViewController.m */; };
		2AB580E71622FDA300D39F01 /* Accounts.framework in Frameworks */ = {isa = PBXBuildFile; fileRef = 2AB580E61622FDA300D39F01 /* Accounts.framework */; };
		2AB580EA1622FDAD00D39F01 /* CoreData.framework in Frameworks */ = {isa = PBXBuildFile; fileRef = 2AB580E91622FDAD00D39F01 /* CoreData.framework */; };
		2AB580EC1622FDEA00D39F01 /* Twitter.framework in Frameworks */ = {isa = PBXBuildFile; fileRef = 2AB580EB1622FDEA00D39F01 /* Twitter.framework */; };
		2AB580EF1623015800D39F01 /* newTweetViewController.m in Sources */ = {isa = PBXBuildFile; fileRef = 2AB580EE1623015800D39F01 /* newTweetViewController.m */; };
		2AD6AC201625771500630089 /* ConnectViewController.m in Sources */ = {isa = PBXBuildFile; fileRef = 2AD6AC1F1625771500630089 /* ConnectViewController.m */; };
		2AD6AC241625820F00630089 /* ProfileViewController.m in Sources */ = {isa = PBXBuildFile; fileRef = 2AD6AC231625820F00630089 /* ProfileViewController.m */; };
		2AD6AC27162590F400630089 /* User+Create.m in Sources */ = {isa = PBXBuildFile; fileRef = 2AD6AC26162590F400630089 /* User+Create.m */; };
/* End PBXBuildFile section */

/* Begin PBXFileReference section */
		2A06001F1623EB6000DBE085 /* Model.xcdatamodel */ = {isa = PBXFileReference; lastKnownFileType = wrapper.xcdatamodel; path = Model.xcdatamodel; sourceTree = "<group>"; };
		2A0600311623F79200DBE085 /* MiniUser.h */ = {isa = PBXFileReference; fileEncoding = 4; lastKnownFileType = sourcecode.c.h; path = MiniUser.h; sourceTree = "<group>"; };
		2A0600321623F79200DBE085 /* MiniUser.m */ = {isa = PBXFileReference; fileEncoding = 4; lastKnownFileType = sourcecode.c.objc; path = MiniUser.m; sourceTree = "<group>"; };
		2A060034162405A600DBE085 /* profile.gif */ = {isa = PBXFileReference; lastKnownFileType = image.gif; path = profile.gif; sourceTree = "<group>"; };
		2A0600361624060300DBE085 /* TParentViewController.h */ = {isa = PBXFileReference; fileEncoding = 4; lastKnownFileType = sourcecode.c.h; path = TParentViewController.h; sourceTree = "<group>"; };
		2A0600371624060300DBE085 /* TParentViewController.m */ = {isa = PBXFileReference; fileEncoding = 4; lastKnownFileType = sourcecode.c.objc; path = TParentViewController.m; sourceTree = "<group>"; };
		2A06003A162407F300DBE085 /* AFHTTPClient.h */ = {isa = PBXFileReference; fileEncoding = 4; lastKnownFileType = sourcecode.c.h; path = AFHTTPClient.h; sourceTree = "<group>"; };
		2A06003B162407F300DBE085 /* AFHTTPClient.m */ = {isa = PBXFileReference; fileEncoding = 4; lastKnownFileType = sourcecode.c.objc; path = AFHTTPClient.m; sourceTree = "<group>"; };
		2A06003C162407F300DBE085 /* AFHTTPRequestOperation.h */ = {isa = PBXFileReference; fileEncoding = 4; lastKnownFileType = sourcecode.c.h; path = AFHTTPRequestOperation.h; sourceTree = "<group>"; };
		2A06003D162407F300DBE085 /* AFHTTPRequestOperation.m */ = {isa = PBXFileReference; fileEncoding = 4; lastKnownFileType = sourcecode.c.objc; path = AFHTTPRequestOperation.m; sourceTree = "<group>"; };
		2A06003E162407F300DBE085 /* AFImageRequestOperation.h */ = {isa = PBXFileReference; fileEncoding = 4; lastKnownFileType = sourcecode.c.h; path = AFImageRequestOperation.h; sourceTree = "<group>"; };
		2A06003F162407F300DBE085 /* AFImageRequestOperation.m */ = {isa = PBXFileReference; fileEncoding = 4; lastKnownFileType = sourcecode.c.objc; path = AFImageRequestOperation.m; sourceTree = "<group>"; };
		2A060040162407F300DBE085 /* AFJSONRequestOperation.h */ = {isa = PBXFileReference; fileEncoding = 4; lastKnownFileType = sourcecode.c.h; path = AFJSONRequestOperation.h; sourceTree = "<group>"; };
		2A060041162407F300DBE085 /* AFJSONRequestOperation.m */ = {isa = PBXFileReference; fileEncoding = 4; lastKnownFileType = sourcecode.c.objc; path = AFJSONRequestOperation.m; sourceTree = "<group>"; };
		2A060042162407F300DBE085 /* AFJSONUtilities.h */ = {isa = PBXFileReference; fileEncoding = 4; lastKnownFileType = sourcecode.c.h; path = AFJSONUtilities.h; sourceTree = "<group>"; };
		2A060043162407F300DBE085 /* AFJSONUtilities.m */ = {isa = PBXFileReference; fileEncoding = 4; lastKnownFileType = sourcecode.c.objc; path = AFJSONUtilities.m; sourceTree = "<group>"; };
		2A060044162407F300DBE085 /* AFNetworkActivityIndicatorManager.h */ = {isa = PBXFileReference; fileEncoding = 4; lastKnownFileType = sourcecode.c.h; path = AFNetworkActivityIndicatorManager.h; sourceTree = "<group>"; };
		2A060045162407F300DBE085 /* AFNetworkActivityIndicatorManager.m */ = {isa = PBXFileReference; fileEncoding = 4; lastKnownFileType = sourcecode.c.objc; path = AFNetworkActivityIndicatorManager.m; sourceTree = "<group>"; };
		2A060046162407F300DBE085 /* AFNetworking.h */ = {isa = PBXFileReference; fileEncoding = 4; lastKnownFileType = sourcecode.c.h; path = AFNetworking.h; sourceTree = "<group>"; };
		2A060047162407F300DBE085 /* AFPropertyListRequestOperation.h */ = {isa = PBXFileReference; fileEncoding = 4; lastKnownFileType = sourcecode.c.h; path = AFPropertyListRequestOperation.h; sourceTree = "<group>"; };
		2A060048162407F300DBE085 /* AFPropertyListRequestOperation.m */ = {isa = PBXFileReference; fileEncoding = 4; lastKnownFileType = sourcecode.c.objc; path = AFPropertyListRequestOperation.m; sourceTree = "<group>"; };
		2A060049162407F300DBE085 /* AFURLConnectionOperation.h */ = {isa = PBXFileReference; fileEncoding = 4; lastKnownFileType = sourcecode.c.h; path = AFURLConnectionOperation.h; sourceTree = "<group>"; };
		2A06004A162407F300DBE085 /* AFURLConnectionOperation.m */ = {isa = PBXFileReference; fileEncoding = 4; lastKnownFileType = sourcecode.c.objc; path = AFURLConnectionOperation.m; sourceTree = "<group>"; };
		2A06004B162407F300DBE085 /* AFXMLRequestOperation.h */ = {isa = PBXFileReference; fileEncoding = 4; lastKnownFileType = sourcecode.c.h; path = AFXMLRequestOperation.h; sourceTree = "<group>"; };
		2A06004C162407F300DBE085 /* AFXMLRequestOperation.m */ = {isa = PBXFileReference; fileEncoding = 4; lastKnownFileType = sourcecode.c.objc; path = AFXMLRequestOperation.m; sourceTree = "<group>"; };
		2A06004D162407F300DBE085 /* UIImageView+AFNetworking.h */ = {isa = PBXFileReference; fileEncoding = 4; lastKnownFileType = sourcecode.c.h; path = "UIImageView+AFNetworking.h"; sourceTree = "<group>"; };
		2A06004E162407F300DBE085 /* UIImageView+AFNetworking.m */ = {isa = PBXFileReference; fileEncoding = 4; lastKnownFileType = sourcecode.c.objc; path = "UIImageView+AFNetworking.m"; sourceTree = "<group>"; };
		2A06005916240C4300DBE085 /* CoreDataTableViewController.h */ = {isa = PBXFileReference; fileEncoding = 4; lastKnownFileType = sourcecode.c.h; path = CoreDataTableViewController.h; sourceTree = "<group>"; };
		2A06005A16240C4300DBE085 /* CoreDataTableViewController.m */ = {isa = PBXFileReference; fileEncoding = 4; lastKnownFileType = sourcecode.c.objc; path = CoreDataTableViewController.m; sourceTree = "<group>"; };
		2A06005C16240E2200DBE085 /* HomeViewController.h */ = {isa = PBXFileReference; fileEncoding = 4; lastKnownFileType = sourcecode.c.h; path = HomeViewController.h; sourceTree = "<group>"; };
		2A06005D16240E2200DBE085 /* HomeViewController.m */ = {isa = PBXFileReference; fileEncoding = 4; lastKnownFileType = sourcecode.c.objc; path = HomeViewController.m; sourceTree = "<group>"; };
		2A06005F162413FB00DBE085 /* Tweet.h */ = {isa = PBXFileReference; fileEncoding = 4; lastKnownFileType = sourcecode.c.h; path = Tweet.h; sourceTree = "<group>"; };
		2A060060162413FB00DBE085 /* Tweet.m */ = {isa = PBXFileReference; fileEncoding = 4; lastKnownFileType = sourcecode.c.objc; path = Tweet.m; sourceTree = "<group>"; };
		2A0600621624292300DBE085 /* Tweet+Create.h */ = {isa = PBXFileReference; fileEncoding = 4; lastKnownFileType = sourcecode.c.h; path = "Tweet+Create.h"; sourceTree = "<group>"; };
		2A0600631624292400DBE085 /* Tweet+Create.m */ = {isa = PBXFileReference; fileEncoding = 4; lastKnownFileType = sourcecode.c.objc; path = "Tweet+Create.m"; sourceTree = "<group>"; };
		2A0600651624336200DBE085 /* MiniUser+Create.h */ = {isa = PBXFileReference; fileEncoding = 4; lastKnownFileType = sourcecode.c.h; path = "MiniUser+Create.h"; sourceTree = "<group>"; };
		2A0600661624336200DBE085 /* MiniUser+Create.m */ = {isa = PBXFileReference; fileEncoding = 4; lastKnownFileType = sourcecode.c.objc; path = "MiniUser+Create.m"; sourceTree = "<group>"; };
		2A33B18F16268F0B00DD2F18 /* User.h */ = {isa = PBXFileReference; fileEncoding = 4; lastKnownFileType = sourcecode.c.h; path = User.h; sourceTree = "<group>"; };
		2A33B19016268F0B00DD2F18 /* User.m */ = {isa = PBXFileReference; fileEncoding = 4; lastKnownFileType = sourcecode.c.objc; path = User.m; sourceTree = "<group>"; };
		2A33B1961626A05000DD2F18 /* SearchTwitterViewControllerViewController.h */ = {isa = PBXFileReference; fileEncoding = 4; lastKnownFileType = sourcecode.c.h; path = SearchTwitterViewControllerViewController.h; sourceTree = "<group>"; };
		2A33B1971626A05000DD2F18 /* SearchTwitterViewControllerViewController.m */ = {isa = PBXFileReference; fileEncoding = 4; lastKnownFileType = sourcecode.c.objc; path = SearchTwitterViewControllerViewController.m; sourceTree = "<group>"; };
		2A33B1991626F9EE00DD2F18 /* searchTweet.h */ = {isa = PBXFileReference; fileEncoding = 4; lastKnownFileType = sourcecode.c.h; path = searchTweet.h; sourceTree = "<group>"; };
		2A33B19A1626F9EE00DD2F18 /* searchTweet.m */ = {isa = PBXFileReference; fileEncoding = 4; lastKnownFileType = sourcecode.c.objc; path = searchTweet.m; sourceTree = "<group>"; };
		2A582B1B16311DDF002FED5A /* TwitterAccessAPI.h */ = {isa = PBXFileReference; fileEncoding = 4; lastKnownFileType = sourcecode.c.h; path = TwitterAccessAPI.h; sourceTree = "<group>"; };
		2A582B1C16311DDF002FED5A /* TwitterAccessAPI.m */ = {isa = PBXFileReference; fileEncoding = 4; lastKnownFileType = sourcecode.c.objc; path = TwitterAccessAPI.m; sourceTree = "<group>"; };
		2A6F42D916357C380041E48F /* Social.framework */ = {isa = PBXFileReference; lastKnownFileType = wrapper.framework; name = Social.framework; path = System/Library/Frameworks/Social.framework; sourceTree = SDKROOT; };
		2AB580BB1622EFFB00D39F01 /* TweetMini.app */ = {isa = PBXFileReference; explicitFileType = wrapper.application; includeInIndex = 0; path = TweetMini.app; sourceTree = BUILT_PRODUCTS_DIR; };
		2AB580BF1622EFFB00D39F01 /* UIKit.framework */ = {isa = PBXFileReference; lastKnownFileType = wrapper.framework; name = UIKit.framework; path = System/Library/Frameworks/UIKit.framework; sourceTree = SDKROOT; };
		2AB580C11622EFFB00D39F01 /* Foundation.framework */ = {isa = PBXFileReference; lastKnownFileType = wrapper.framework; name = Foundation.framework; path = System/Library/Frameworks/Foundation.framework; sourceTree = SDKROOT; };
		2AB580C31622EFFB00D39F01 /* CoreGraphics.framework */ = {isa = PBXFileReference; lastKnownFileType = wrapper.framework; name = CoreGraphics.framework; path = System/Library/Frameworks/CoreGraphics.framework; sourceTree = SDKROOT; };
		2AB580C71622EFFB00D39F01 /* TweetMini-Info.plist */ = {isa = PBXFileReference; lastKnownFileType = text.plist.xml; path = "TweetMini-Info.plist"; sourceTree = "<group>"; };
		2AB580C91622EFFB00D39F01 /* en */ = {isa = PBXFileReference; lastKnownFileType = text.plist.strings; name = en; path = en.lproj/InfoPlist.strings; sourceTree = "<group>"; };
		2AB580CB1622EFFB00D39F01 /* main.m */ = {isa = PBXFileReference; lastKnownFileType = sourcecode.c.objc; path = main.m; sourceTree = "<group>"; };
		2AB580CD1622EFFB00D39F01 /* TweetMini-Prefix.pch */ = {isa = PBXFileReference; lastKnownFileType = sourcecode.c.h; path = "TweetMini-Prefix.pch"; sourceTree = "<group>"; };
		2AB580CE1622EFFB00D39F01 /* loggingInAppDelegate.h */ = {isa = PBXFileReference; lastKnownFileType = sourcecode.c.h; path = loggingInAppDelegate.h; sourceTree = "<group>"; };
		2AB580CF1622EFFB00D39F01 /* loggingInAppDelegate.m */ = {isa = PBXFileReference; lastKnownFileType = sourcecode.c.objc; path = loggingInAppDelegate.m; sourceTree = "<group>"; };
		2AB580D11622EFFB00D39F01 /* Default.png */ = {isa = PBXFileReference; lastKnownFileType = image.png; path = Default.png; sourceTree = "<group>"; };
		2AB580D31622EFFB00D39F01 /* Default@2x.png */ = {isa = PBXFileReference; lastKnownFileType = image.png; path = "Default@2x.png"; sourceTree = "<group>"; };
		2AB580D51622EFFB00D39F01 /* Default-568h@2x.png */ = {isa = PBXFileReference; lastKnownFileType = image.png; path = "Default-568h@2x.png"; sourceTree = "<group>"; };
		2AB580D81622EFFB00D39F01 /* en */ = {isa = PBXFileReference; lastKnownFileType = file.storyboard; name = en; path = en.lproj/MainStoryboard.storyboard; sourceTree = "<group>"; };
		2AB580DA1622EFFB00D39F01 /* loggingInViewController.h */ = {isa = PBXFileReference; lastKnownFileType = sourcecode.c.h; path = loggingInViewController.h; sourceTree = "<group>"; };
		2AB580DB1622EFFB00D39F01 /* loggingInViewController.m */ = {isa = PBXFileReference; lastKnownFileType = sourcecode.c.objc; path = loggingInViewController.m; sourceTree = "<group>"; };
		2AB580E61622FDA300D39F01 /* Accounts.framework */ = {isa = PBXFileReference; lastKnownFileType = wrapper.framework; name = Accounts.framework; path = System/Library/Frameworks/Accounts.framework; sourceTree = SDKROOT; };
		2AB580E91622FDAD00D39F01 /* CoreData.framework */ = {isa = PBXFileReference; lastKnownFileType = wrapper.framework; name = CoreData.framework; path = System/Library/Frameworks/CoreData.framework; sourceTree = SDKROOT; };
		2AB580EB1622FDEA00D39F01 /* Twitter.framework */ = {isa = PBXFileReference; lastKnownFileType = wrapper.framework; name = Twitter.framework; path = System/Library/Frameworks/Twitter.framework; sourceTree = SDKROOT; };
		2AB580ED1623015800D39F01 /* newTweetViewController.h */ = {isa = PBXFileReference; fileEncoding = 4; lastKnownFileType = sourcecode.c.h; path = newTweetViewController.h; sourceTree = "<group>"; };
		2AB580EE1623015800D39F01 /* newTweetViewController.m */ = {isa = PBXFileReference; fileEncoding = 4; lastKnownFileType = sourcecode.c.objc; path = newTweetViewController.m; sourceTree = "<group>"; };
		2AD6AC1E1625771500630089 /* ConnectViewController.h */ = {isa = PBXFileReference; fileEncoding = 4; lastKnownFileType = sourcecode.c.h; path = ConnectViewController.h; sourceTree = "<group>"; };
		2AD6AC1F1625771500630089 /* ConnectViewController.m */ = {isa = PBXFileReference; fileEncoding = 4; lastKnownFileType = sourcecode.c.objc; path = ConnectViewController.m; sourceTree = "<group>"; };
		2AD6AC221625820E00630089 /* ProfileViewController.h */ = {isa = PBXFileReference; fileEncoding = 4; lastKnownFileType = sourcecode.c.h; path = ProfileViewController.h; sourceTree = "<group>"; };
		2AD6AC231625820F00630089 /* ProfileViewController.m */ = {isa = PBXFileReference; fileEncoding = 4; lastKnownFileType = sourcecode.c.objc; path = ProfileViewController.m; sourceTree = "<group>"; };
		2AD6AC25162590F400630089 /* User+Create.h */ = {isa = PBXFileReference; fileEncoding = 4; lastKnownFileType = sourcecode.c.h; path = "User+Create.h"; sourceTree = "<group>"; };
		2AD6AC26162590F400630089 /* User+Create.m */ = {isa = PBXFileReference; fileEncoding = 4; lastKnownFileType = sourcecode.c.objc; path = "User+Create.m"; sourceTree = "<group>"; };
/* End PBXFileReference section */

/* Begin PBXFrameworksBuildPhase section */
		2AB580B81622EFFB00D39F01 /* Frameworks */ = {
			isa = PBXFrameworksBuildPhase;
			buildActionMask = 2147483647;
			files = (
				2A6F42DA16357C390041E48F /* Social.framework in Frameworks */,
				2AB580EC1622FDEA00D39F01 /* Twitter.framework in Frameworks */,
				2AB580EA1622FDAD00D39F01 /* CoreData.framework in Frameworks */,
				2AB580E71622FDA300D39F01 /* Accounts.framework in Frameworks */,
				2AB580C01622EFFB00D39F01 /* UIKit.framework in Frameworks */,
				2AB580C21622EFFB00D39F01 /* Foundation.framework in Frameworks */,
				2AB580C41622EFFB00D39F01 /* CoreGraphics.framework in Frameworks */,
			);
			runOnlyForDeploymentPostprocessing = 0;
		};
/* End PBXFrameworksBuildPhase section */

/* Begin PBXGroup section */
		2A060039162407F300DBE085 /* AFNetworking */ = {
			isa = PBXGroup;
			children = (
				2A06003A162407F300DBE085 /* AFHTTPClient.h */,
				2A06003B162407F300DBE085 /* AFHTTPClient.m */,
				2A06003C162407F300DBE085 /* AFHTTPRequestOperation.h */,
				2A06003D162407F300DBE085 /* AFHTTPRequestOperation.m */,
				2A06003E162407F300DBE085 /* AFImageRequestOperation.h */,
				2A06003F162407F300DBE085 /* AFImageRequestOperation.m */,
				2A060040162407F300DBE085 /* AFJSONRequestOperation.h */,
				2A060041162407F300DBE085 /* AFJSONRequestOperation.m */,
				2A060042162407F300DBE085 /* AFJSONUtilities.h */,
				2A060043162407F300DBE085 /* AFJSONUtilities.m */,
				2A060044162407F300DBE085 /* AFNetworkActivityIndicatorManager.h */,
				2A060045162407F300DBE085 /* AFNetworkActivityIndicatorManager.m */,
				2A060046162407F300DBE085 /* AFNetworking.h */,
				2A060047162407F300DBE085 /* AFPropertyListRequestOperation.h */,
				2A060048162407F300DBE085 /* AFPropertyListRequestOperation.m */,
				2A060049162407F300DBE085 /* AFURLConnectionOperation.h */,
				2A06004A162407F300DBE085 /* AFURLConnectionOperation.m */,
				2A06004B162407F300DBE085 /* AFXMLRequestOperation.h */,
				2A06004C162407F300DBE085 /* AFXMLRequestOperation.m */,
				2A06004D162407F300DBE085 /* UIImageView+AFNetworking.h */,
				2A06004E162407F300DBE085 /* UIImageView+AFNetworking.m */,
			);
			name = AFNetworking;
			path = ../../oldTweetMini/TweetMini/TweetMini/AFNetworking;
			sourceTree = "<group>";
		};
		2A15C6CB162D816B001754B7 /* Model */ = {
			isa = PBXGroup;
			children = (
				2A33B1991626F9EE00DD2F18 /* searchTweet.h */,
				2A33B19A1626F9EE00DD2F18 /* searchTweet.m */,
				2A06001E1623EB6000DBE085 /* Model.xcdatamodeld */,
				2A06005F162413FB00DBE085 /* Tweet.h */,
				2A060060162413FB00DBE085 /* Tweet.m */,
				2A0600621624292300DBE085 /* Tweet+Create.h */,
				2A0600631624292400DBE085 /* Tweet+Create.m */,
				2A0600311623F79200DBE085 /* MiniUser.h */,
				2A0600321623F79200DBE085 /* MiniUser.m */,
				2A0600651624336200DBE085 /* MiniUser+Create.h */,
				2A0600661624336200DBE085 /* MiniUser+Create.m */,
				2A33B18F16268F0B00DD2F18 /* User.h */,
				2A33B19016268F0B00DD2F18 /* User.m */,
				2AD6AC25162590F400630089 /* User+Create.h */,
				2AD6AC26162590F400630089 /* User+Create.m */,
			);
			name = Model;
			sourceTree = "<group>";
		};
		2A15C6CC162D81A5001754B7 /* ViewControllers */ = {
			isa = PBXGroup;
			children = (
				2AB580DA1622EFFB00D39F01 /* loggingInViewController.h */,
				2AB580DB1622EFFB00D39F01 /* loggingInViewController.m */,
				2AB580ED1623015800D39F01 /* newTweetViewController.h */,
				2AB580EE1623015800D39F01 /* newTweetViewController.m */,
				2A0600361624060300DBE085 /* TParentViewController.h */,
				2A0600371624060300DBE085 /* TParentViewController.m */,
				2A06005C16240E2200DBE085 /* HomeViewController.h */,
				2A06005D16240E2200DBE085 /* HomeViewController.m */,
				2AD6AC1E1625771500630089 /* ConnectViewController.h */,
				2AD6AC1F1625771500630089 /* ConnectViewController.m */,
				2A33B1961626A05000DD2F18 /* SearchTwitterViewControllerViewController.h */,
				2A33B1971626A05000DD2F18 /* SearchTwitterViewControllerViewController.m */,
				2AD6AC221625820E00630089 /* ProfileViewController.h */,
				2AD6AC231625820F00630089 /* ProfileViewController.m */,
			);
			name = ViewControllers;
			sourceTree = "<group>";
		};
		2AB580B01622EFFB00D39F01 = {
			isa = PBXGroup;
			children = (
				2A6F42D916357C380041E48F /* Social.framework */,
				2AB580C51622EFFB00D39F01 /* TweetMini */,
				2AB580BE1622EFFB00D39F01 /* Frameworks */,
				2AB580BC1622EFFB00D39F01 /* Products */,
			);
			sourceTree = "<group>";
		};
		2AB580BC1622EFFB00D39F01 /* Products */ = {
			isa = PBXGroup;
			children = (
				2AB580BB1622EFFB00D39F01 /* TweetMini.app */,
			);
			name = Products;
			sourceTree = "<group>";
		};
		2AB580BE1622EFFB00D39F01 /* Frameworks */ = {
			isa = PBXGroup;
			children = (
				2A060039162407F300DBE085 /* AFNetworking */,
				2AB580EB1622FDEA00D39F01 /* Twitter.framework */,
				2AB580E91622FDAD00D39F01 /* CoreData.framework */,
				2AB580E61622FDA300D39F01 /* Accounts.framework */,
				2AB580BF1622EFFB00D39F01 /* UIKit.framework */,
				2AB580C11622EFFB00D39F01 /* Foundation.framework */,
				2AB580C31622EFFB00D39F01 /* CoreGraphics.framework */,
			);
			name = Frameworks;
			sourceTree = "<group>";
		};
		2AB580C51622EFFB00D39F01 /* TweetMini */ = {
			isa = PBXGroup;
			children = (
				2A15C6CC162D81A5001754B7 /* ViewControllers */,
				2A15C6CB162D816B001754B7 /* Model */,
				2AB580CE1622EFFB00D39F01 /* loggingInAppDelegate.h */,
				2AB580CF1622EFFB00D39F01 /* loggingInAppDelegate.m */,
				2AB580D71622EFFB00D39F01 /* MainStoryboard.storyboard */,
				2AB580C61622EFFB00D39F01 /* Supporting Files */,
			);
			path = TweetMini;
			sourceTree = "<group>";
		};
		2AB580C61622EFFB00D39F01 /* Supporting Files */ = {
			isa = PBXGroup;
			children = (
				2A06005916240C4300DBE085 /* CoreDataTableViewController.h */,
				2A06005A16240C4300DBE085 /* CoreDataTableViewController.m */,
				2A582B1B16311DDF002FED5A /* TwitterAccessAPI.h */,
				2A582B1C16311DDF002FED5A /* TwitterAccessAPI.m */,
				2A060034162405A600DBE085 /* profile.gif */,
				2AB580C71622EFFB00D39F01 /* TweetMini-Info.plist */,
				2AB580C81622EFFB00D39F01 /* InfoPlist.strings */,
				2AB580CB1622EFFB00D39F01 /* main.m */,
				2AB580CD1622EFFB00D39F01 /* TweetMini-Prefix.pch */,
				2AB580D11622EFFB00D39F01 /* Default.png */,
				2AB580D31622EFFB00D39F01 /* Default@2x.png */,
				2AB580D51622EFFB00D39F01 /* Default-568h@2x.png */,
			);
			name = "Supporting Files";
			sourceTree = "<group>";
		};
/* End PBXGroup section */

/* Begin PBXNativeTarget section */
		2AB580BA1622EFFB00D39F01 /* TweetMini */ = {
			isa = PBXNativeTarget;
			buildConfigurationList = 2AB580DF1622EFFB00D39F01 /* Build configuration list for PBXNativeTarget "TweetMini" */;
			buildPhases = (
				2AB580B71622EFFB00D39F01 /* Sources */,
				2AB580B81622EFFB00D39F01 /* Frameworks */,
				2AB580B91622EFFB00D39F01 /* Resources */,
			);
			buildRules = (
			);
			dependencies = (
			);
			name = TweetMini;
			productName = TweetMini;
			productReference = 2AB580BB1622EFFB00D39F01 /* TweetMini.app */;
			productType = "com.apple.product-type.application";
		};
/* End PBXNativeTarget section */

/* Begin PBXProject section */
		2AB580B21622EFFB00D39F01 /* Project object */ = {
			isa = PBXProject;
			attributes = {
				CLASSPREFIX = loggingIn;
				LastUpgradeCheck = 0450;
				ORGANIZATIONNAME = Ayush;
			};
			buildConfigurationList = 2AB580B51622EFFB00D39F01 /* Build configuration list for PBXProject "TweetMini" */;
			compatibilityVersion = "Xcode 3.2";
			developmentRegion = English;
			hasScannedForEncodings = 0;
			knownRegions = (
				en,
			);
			mainGroup = 2AB580B01622EFFB00D39F01;
			productRefGroup = 2AB580BC1622EFFB00D39F01 /* Products */;
			projectDirPath = "";
			projectRoot = "";
			targets = (
				2AB580BA1622EFFB00D39F01 /* TweetMini */,
			);
		};
/* End PBXProject section */

/* Begin PBXResourcesBuildPhase section */
		2AB580B91622EFFB00D39F01 /* Resources */ = {
			isa = PBXResourcesBuildPhase;
			buildActionMask = 2147483647;
			files = (
				2AB580CA1622EFFB00D39F01 /* InfoPlist.strings in Resources */,
				2AB580D21622EFFB00D39F01 /* Default.png in Resources */,
				2AB580D41622EFFB00D39F01 /* Default@2x.png in Resources */,
				2AB580D61622EFFB00D39F01 /* Default-568h@2x.png in Resources */,
				2AB580D91622EFFB00D39F01 /* MainStoryboard.storyboard in Resources */,
				2A060035162405A600DBE085 /* profile.gif in Resources */,
			);
			runOnlyForDeploymentPostprocessing = 0;
		};
/* End PBXResourcesBuildPhase section */

/* Begin PBXSourcesBuildPhase section */
		2AB580B71622EFFB00D39F01 /* Sources */ = {
			isa = PBXSourcesBuildPhase;
			buildActionMask = 2147483647;
			files = (
				2AB580CC1622EFFB00D39F01 /* main.m in Sources */,
				2AB580D01622EFFB00D39F01 /* loggingInAppDelegate.m in Sources */,
				2AB580DC1622EFFB00D39F01 /* loggingInViewController.m in Sources */,
				2AB580EF1623015800D39F01 /* newTweetViewController.m in Sources */,
				2A0600201623EB6000DBE085 /* Model.xcdatamodeld in Sources */,
				2A0600331623F79300DBE085 /* MiniUser.m in Sources */,
				2A0600381624060300DBE085 /* TParentViewController.m in Sources */,
				2A06004F162407F300DBE085 /* AFHTTPClient.m in Sources */,
				2A060050162407F300DBE085 /* AFHTTPRequestOperation.m in Sources */,
				2A060051162407F300DBE085 /* AFImageRequestOperation.m in Sources */,
				2A060052162407F300DBE085 /* AFJSONRequestOperation.m in Sources */,
				2A060053162407F300DBE085 /* AFJSONUtilities.m in Sources */,
				2A060054162407F300DBE085 /* AFNetworkActivityIndicatorManager.m in Sources */,
				2A060055162407F300DBE085 /* AFPropertyListRequestOperation.m in Sources */,
				2A060056162407F300DBE085 /* AFURLConnectionOperation.m in Sources */,
				2A060057162407F300DBE085 /* AFXMLRequestOperation.m in Sources */,
				2A060058162407F300DBE085 /* UIImageView+AFNetworking.m in Sources */,
				2A06005B16240C4300DBE085 /* CoreDataTableViewController.m in Sources */,
				2A06005E16240E2200DBE085 /* HomeViewController.m in Sources */,
				2A060061162413FB00DBE085 /* Tweet.m in Sources */,
				2A0600641624292400DBE085 /* Tweet+Create.m in Sources */,
				2A0600671624336200DBE085 /* MiniUser+Create.m in Sources */,
				2AD6AC201625771500630089 /* ConnectViewController.m in Sources */,
				2AD6AC241625820F00630089 /* ProfileViewController.m in Sources */,
				2AD6AC27162590F400630089 /* User+Create.m in Sources */,
				2A33B19116268F0B00DD2F18 /* User.m in Sources */,
				2A33B1981626A05000DD2F18 /* SearchTwitterViewControllerViewController.m in Sources */,
				2A33B19B1626F9EF00DD2F18 /* searchTweet.m in Sources */,
				2A582B1D16311DDF002FED5A /* TwitterAccessAPI.m in Sources */,
			);
			runOnlyForDeploymentPostprocessing = 0;
		};
/* End PBXSourcesBuildPhase section */

/* Begin PBXVariantGroup section */
		2AB580C81622EFFB00D39F01 /* InfoPlist.strings */ = {
			isa = PBXVariantGroup;
			children = (
				2AB580C91622EFFB00D39F01 /* en */,
			);
			name = InfoPlist.strings;
			sourceTree = "<group>";
		};
		2AB580D71622EFFB00D39F01 /* MainStoryboard.storyboard */ = {
			isa = PBXVariantGroup;
			children = (
				2AB580D81622EFFB00D39F01 /* en */,
			);
			name = MainStoryboard.storyboard;
			sourceTree = "<group>";
		};
/* End PBXVariantGroup section */

/* Begin XCBuildConfiguration section */
		2AB580DD1622EFFB00D39F01 /* Debug */ = {
			isa = XCBuildConfiguration;
			buildSettings = {
				ALWAYS_SEARCH_USER_PATHS = NO;
				CLANG_CXX_LANGUAGE_STANDARD = "gnu++0x";
				CLANG_CXX_LIBRARY = "libc++";
				CLANG_ENABLE_OBJC_ARC = YES;
				CLANG_WARN_EMPTY_BODY = YES;
				CLANG_WARN__DUPLICATE_METHOD_MATCH = YES;
				"CODE_SIGN_IDENTITY[sdk=iphoneos*]" = "iPhone Developer";
				COPY_PHASE_STRIP = NO;
				GCC_C_LANGUAGE_STANDARD = gnu99;
				GCC_DYNAMIC_NO_PIC = NO;
				GCC_OPTIMIZATION_LEVEL = 0;
				GCC_PREPROCESSOR_DEFINITIONS = (
					"DEBUG=1",
					"$(inherited)",
				);
				GCC_SYMBOLS_PRIVATE_EXTERN = NO;
				GCC_WARN_ABOUT_RETURN_TYPE = YES;
				GCC_WARN_UNINITIALIZED_AUTOS = YES;
				GCC_WARN_UNUSED_VARIABLE = YES;
				IPHONEOS_DEPLOYMENT_TARGET = 6.0;
				ONLY_ACTIVE_ARCH = YES;
				SDKROOT = iphoneos;
			};
			name = Debug;
		};
		2AB580DE1622EFFB00D39F01 /* Release */ = {
			isa = XCBuildConfiguration;
			buildSettings = {
				ALWAYS_SEARCH_USER_PATHS = NO;
				CLANG_CXX_LANGUAGE_STANDARD = "gnu++0x";
				CLANG_CXX_LIBRARY = "libc++";
				CLANG_ENABLE_OBJC_ARC = YES;
				CLANG_WARN_EMPTY_BODY = YES;
				CLANG_WARN__DUPLICATE_METHOD_MATCH = YES;
				"CODE_SIGN_IDENTITY[sdk=iphoneos*]" = "iPhone Developer";
				COPY_PHASE_STRIP = YES;
				GCC_C_LANGUAGE_STANDARD = gnu99;
				GCC_WARN_ABOUT_RETURN_TYPE = YES;
				GCC_WARN_UNINITIALIZED_AUTOS = YES;
				GCC_WARN_UNUSED_VARIABLE = YES;
				IPHONEOS_DEPLOYMENT_TARGET = 6.0;
				OTHER_CFLAGS = "-DNS_BLOCK_ASSERTIONS=1";
				SDKROOT = iphoneos;
				VALIDATE_PRODUCT = YES;
			};
			name = Release;
		};
		2AB580E01622EFFB00D39F01 /* Debug */ = {
			isa = XCBuildConfiguration;
			buildSettings = {
				GCC_PRECOMPILE_PREFIX_HEADER = YES;
				GCC_PREFIX_HEADER = "TweetMini/TweetMini-Prefix.pch";
				INFOPLIST_FILE = "TweetMini/TweetMini-Info.plist";
				PRODUCT_NAME = "$(TARGET_NAME)";
				WRAPPER_EXTENSION = app;
			};
			name = Debug;
		};
		2AB580E11622EFFB00D39F01 /* Release */ = {
			isa = XCBuildConfiguration;
			buildSettings = {
				GCC_PRECOMPILE_PREFIX_HEADER = YES;
				GCC_PREFIX_HEADER = "TweetMini/TweetMini-Prefix.pch";
				INFOPLIST_FILE = "TweetMini/TweetMini-Info.plist";
				PRODUCT_NAME = "$(TARGET_NAME)";
				WRAPPER_EXTENSION = app;
			};
			name = Release;
		};
/* End XCBuildConfiguration section */

/* Begin XCConfigurationList section */
		2AB580B51622EFFB00D39F01 /* Build configuration list for PBXProject "TweetMini" */ = {
			isa = XCConfigurationList;
			buildConfigurations = (
				2AB580DD1622EFFB00D39F01 /* Debug */,
				2AB580DE1622EFFB00D39F01 /* Release */,
			);
			defaultConfigurationIsVisible = 0;
			defaultConfigurationName = Release;
		};
		2AB580DF1622EFFB00D39F01 /* Build configuration list for PBXNativeTarget "TweetMini" */ = {
			isa = XCConfigurationList;
			buildConfigurations = (
				2AB580E01622EFFB00D39F01 /* Debug */,
				2AB580E11622EFFB00D39F01 /* Release */,
			);
			defaultConfigurationIsVisible = 0;
			defaultConfigurationName = Release;
		};
/* End XCConfigurationList section */

/* Begin XCVersionGroup section */
		2A06001E1623EB6000DBE085 /* Model.xcdatamodeld */ = {
			isa = XCVersionGroup;
			children = (
				2A06001F1623EB6000DBE085 /* Model.xcdatamodel */,
			);
			currentVersion = 2A06001F1623EB6000DBE085 /* Model.xcdatamodel */;
			path = Model.xcdatamodeld;
			sourceTree = "<group>";
			versionGroupType = wrapper.xcdatamodel;
		};
/* End XCVersionGroup section */
	};
	rootObject = 2AB580B21622EFFB00D39F01 /* Project object */;
}
