// !$*UTF8*$!
{
	archiveVersion = 1;
	classes = {
	};
	objectVersion = 46;
	objects = {

/* Begin PBXBuildFile section */
		520F2C6615FDB6DA00C06850 /* newTweetViewController.m in Sources */ = {isa = PBXBuildFile; fileRef = 520F2C6515FDB6DA00C06850 /* newTweetViewController.m */; };
		5225805B15FA020300399FB4 /* AFHTTPClient.m in Sources */ = {isa = PBXBuildFile; fileRef = 5225804715FA020300399FB4 /* AFHTTPClient.m */; settings = {COMPILER_FLAGS = "-fno-objc-arc"; }; };
		5225805C15FA020300399FB4 /* AFHTTPRequestOperation.m in Sources */ = {isa = PBXBuildFile; fileRef = 5225804915FA020300399FB4 /* AFHTTPRequestOperation.m */; settings = {COMPILER_FLAGS = "-fno-objc-arc"; }; };
		5225805D15FA020300399FB4 /* AFImageRequestOperation.m in Sources */ = {isa = PBXBuildFile; fileRef = 5225804B15FA020300399FB4 /* AFImageRequestOperation.m */; settings = {COMPILER_FLAGS = "-fno-objc-arc"; }; };
		5225805E15FA020300399FB4 /* AFJSONRequestOperation.m in Sources */ = {isa = PBXBuildFile; fileRef = 5225804D15FA020300399FB4 /* AFJSONRequestOperation.m */; settings = {COMPILER_FLAGS = "-fno-objc-arc"; }; };
		5225805F15FA020300399FB4 /* AFJSONUtilities.m in Sources */ = {isa = PBXBuildFile; fileRef = 5225804F15FA020300399FB4 /* AFJSONUtilities.m */; settings = {COMPILER_FLAGS = "-fno-objc-arc"; }; };
		5225806015FA020300399FB4 /* AFNetworkActivityIndicatorManager.m in Sources */ = {isa = PBXBuildFile; fileRef = 5225805115FA020300399FB4 /* AFNetworkActivityIndicatorManager.m */; settings = {COMPILER_FLAGS = "-fno-objc-arc"; }; };
		5225806115FA020300399FB4 /* AFPropertyListRequestOperation.m in Sources */ = {isa = PBXBuildFile; fileRef = 5225805415FA020300399FB4 /* AFPropertyListRequestOperation.m */; settings = {COMPILER_FLAGS = "-fno-objc-arc"; }; };
		5225806215FA020300399FB4 /* AFURLConnectionOperation.m in Sources */ = {isa = PBXBuildFile; fileRef = 5225805615FA020300399FB4 /* AFURLConnectionOperation.m */; settings = {COMPILER_FLAGS = "-fno-objc-arc"; }; };
		5225806315FA020300399FB4 /* AFXMLRequestOperation.m in Sources */ = {isa = PBXBuildFile; fileRef = 5225805815FA020300399FB4 /* AFXMLRequestOperation.m */; settings = {COMPILER_FLAGS = "-fno-objc-arc"; }; };
		5225806415FA020300399FB4 /* UIImageView+AFNetworking.m in Sources */ = {isa = PBXBuildFile; fileRef = 5225805A15FA020300399FB4 /* UIImageView+AFNetworking.m */; settings = {COMPILER_FLAGS = "-fno-objc-arc"; }; };
		526855511602FE1400003716 /* home.jpg in Resources */ = {isa = PBXBuildFile; fileRef = 526855501602FE1400003716 /* home.jpg */; };
		5293F9321608660C000E6906 /* ProfileViewController.m in Sources */ = {isa = PBXBuildFile; fileRef = 5293F9311608660C000E6906 /* ProfileViewController.m */; };
		5293F9351608698E000E6906 /* user.m in Sources */ = {isa = PBXBuildFile; fileRef = 5293F9341608698E000E6906 /* user.m */; };
		5293F93816086C02000E6906 /* miniUser.m in Sources */ = {isa = PBXBuildFile; fileRef = 5293F93716086C02000E6906 /* miniUser.m */; };
		52ABA4231606F1F000F3C86C /* tweet.m in Sources */ = {isa = PBXBuildFile; fileRef = 52ABA4221606F1F000F3C86C /* tweet.m */; };
		52ABA4271606F5E000F3C86C /* SearchTwitterViewControllerViewController.m in Sources */ = {isa = PBXBuildFile; fileRef = 52ABA4261606F5E000F3C86C /* SearchTwitterViewControllerViewController.m */; };
		52ABA42A160757BA00F3C86C /* ConnectViewController.m in Sources */ = {isa = PBXBuildFile; fileRef = 52ABA429160757BA00F3C86C /* ConnectViewController.m */; };
		52C58F8015F87A3B003E84AE /* UIKit.framework in Frameworks */ = {isa = PBXBuildFile; fileRef = 52C58F7F15F87A3B003E84AE /* UIKit.framework */; };
		52C58F8215F87A3B003E84AE /* Foundation.framework in Frameworks */ = {isa = PBXBuildFile; fileRef = 52C58F8115F87A3B003E84AE /* Foundation.framework */; };
		52C58F8415F87A3B003E84AE /* CoreGraphics.framework in Frameworks */ = {isa = PBXBuildFile; fileRef = 52C58F8315F87A3B003E84AE /* CoreGraphics.framework */; };
		52C58F8A15F87A3B003E84AE /* InfoPlist.strings in Resources */ = {isa = PBXBuildFile; fileRef = 52C58F8815F87A3B003E84AE /* InfoPlist.strings */; };
		52C58F8C15F87A3B003E84AE /* main.m in Sources */ = {isa = PBXBuildFile; fileRef = 52C58F8B15F87A3B003E84AE /* main.m */; };
		52C58F9015F87A3B003E84AE /* tweetMiniAppDelegate.m in Sources */ = {isa = PBXBuildFile; fileRef = 52C58F8F15F87A3B003E84AE /* tweetMiniAppDelegate.m */; };
		52C58F9315F87A3B003E84AE /* MainStoryboard.storyboard in Resources */ = {isa = PBXBuildFile; fileRef = 52C58F9115F87A3B003E84AE /* MainStoryboard.storyboard */; };
		52C58F9615F87A3B003E84AE /* tweetMiniViewController.m in Sources */ = {isa = PBXBuildFile; fileRef = 52C58F9515F87A3B003E84AE /* tweetMiniViewController.m */; };
		52DCF3E215FE01EA00EF93EB /* Twitter.framework in Frameworks */ = {isa = PBXBuildFile; fileRef = 52DCF3E115FE01EA00EF93EB /* Twitter.framework */; };
		52DCF3E515FE06A100EF93EB /* Accounts.framework in Frameworks */ = {isa = PBXBuildFile; fileRef = 52DCF3E415FE06A100EF93EB /* Accounts.framework */; };
		52F9215B15FF11DE00060202 /* HomeViewController.m in Sources */ = {isa = PBXBuildFile; fileRef = 52F9215A15FF11DE00060202 /* HomeViewController.m */; };
/* End PBXBuildFile section */

/* Begin PBXFileReference section */
		520F2C6415FDB6DA00C06850 /* newTweetViewController.h */ = {isa = PBXFileReference; fileEncoding = 4; lastKnownFileType = sourcecode.c.h; path = newTweetViewController.h; sourceTree = "<group>"; };
		520F2C6515FDB6DA00C06850 /* newTweetViewController.m */ = {isa = PBXFileReference; fileEncoding = 4; lastKnownFileType = sourcecode.c.objc; path = newTweetViewController.m; sourceTree = "<group>"; };
		5225804615FA020300399FB4 /* AFHTTPClient.h */ = {isa = PBXFileReference; fileEncoding = 4; lastKnownFileType = sourcecode.c.h; path = AFHTTPClient.h; sourceTree = "<group>"; };
		5225804715FA020300399FB4 /* AFHTTPClient.m */ = {isa = PBXFileReference; fileEncoding = 4; lastKnownFileType = sourcecode.c.objc; path = AFHTTPClient.m; sourceTree = "<group>"; };
		5225804815FA020300399FB4 /* AFHTTPRequestOperation.h */ = {isa = PBXFileReference; fileEncoding = 4; lastKnownFileType = sourcecode.c.h; path = AFHTTPRequestOperation.h; sourceTree = "<group>"; };
		5225804915FA020300399FB4 /* AFHTTPRequestOperation.m */ = {isa = PBXFileReference; fileEncoding = 4; lastKnownFileType = sourcecode.c.objc; path = AFHTTPRequestOperation.m; sourceTree = "<group>"; };
		5225804A15FA020300399FB4 /* AFImageRequestOperation.h */ = {isa = PBXFileReference; fileEncoding = 4; lastKnownFileType = sourcecode.c.h; path = AFImageRequestOperation.h; sourceTree = "<group>"; };
		5225804B15FA020300399FB4 /* AFImageRequestOperation.m */ = {isa = PBXFileReference; fileEncoding = 4; lastKnownFileType = sourcecode.c.objc; path = AFImageRequestOperation.m; sourceTree = "<group>"; };
		5225804C15FA020300399FB4 /* AFJSONRequestOperation.h */ = {isa = PBXFileReference; fileEncoding = 4; lastKnownFileType = sourcecode.c.h; path = AFJSONRequestOperation.h; sourceTree = "<group>"; };
		5225804D15FA020300399FB4 /* AFJSONRequestOperation.m */ = {isa = PBXFileReference; fileEncoding = 4; lastKnownFileType = sourcecode.c.objc; path = AFJSONRequestOperation.m; sourceTree = "<group>"; };
		5225804E15FA020300399FB4 /* AFJSONUtilities.h */ = {isa = PBXFileReference; fileEncoding = 4; lastKnownFileType = sourcecode.c.h; path = AFJSONUtilities.h; sourceTree = "<group>"; };
		5225804F15FA020300399FB4 /* AFJSONUtilities.m */ = {isa = PBXFileReference; fileEncoding = 4; lastKnownFileType = sourcecode.c.objc; path = AFJSONUtilities.m; sourceTree = "<group>"; };
		5225805015FA020300399FB4 /* AFNetworkActivityIndicatorManager.h */ = {isa = PBXFileReference; fileEncoding = 4; lastKnownFileType = sourcecode.c.h; path = AFNetworkActivityIndicatorManager.h; sourceTree = "<group>"; };
		5225805115FA020300399FB4 /* AFNetworkActivityIndicatorManager.m */ = {isa = PBXFileReference; fileEncoding = 4; lastKnownFileType = sourcecode.c.objc; path = AFNetworkActivityIndicatorManager.m; sourceTree = "<group>"; };
		5225805215FA020300399FB4 /* AFNetworking.h */ = {isa = PBXFileReference; fileEncoding = 4; lastKnownFileType = sourcecode.c.h; path = AFNetworking.h; sourceTree = "<group>"; };
		5225805315FA020300399FB4 /* AFPropertyListRequestOperation.h */ = {isa = PBXFileReference; fileEncoding = 4; lastKnownFileType = sourcecode.c.h; path = AFPropertyListRequestOperation.h; sourceTree = "<group>"; };
		5225805415FA020300399FB4 /* AFPropertyListRequestOperation.m */ = {isa = PBXFileReference; fileEncoding = 4; lastKnownFileType = sourcecode.c.objc; path = AFPropertyListRequestOperation.m; sourceTree = "<group>"; };
		5225805515FA020300399FB4 /* AFURLConnectionOperation.h */ = {isa = PBXFileReference; fileEncoding = 4; lastKnownFileType = sourcecode.c.h; path = AFURLConnectionOperation.h; sourceTree = "<group>"; };
		5225805615FA020300399FB4 /* AFURLConnectionOperation.m */ = {isa = PBXFileReference; fileEncoding = 4; lastKnownFileType = sourcecode.c.objc; path = AFURLConnectionOperation.m; sourceTree = "<group>"; };
		5225805715FA020300399FB4 /* AFXMLRequestOperation.h */ = {isa = PBXFileReference; fileEncoding = 4; lastKnownFileType = sourcecode.c.h; path = AFXMLRequestOperation.h; sourceTree = "<group>"; };
		5225805815FA020300399FB4 /* AFXMLRequestOperation.m */ = {isa = PBXFileReference; fileEncoding = 4; lastKnownFileType = sourcecode.c.objc; path = AFXMLRequestOperation.m; sourceTree = "<group>"; };
		5225805915FA020300399FB4 /* UIImageView+AFNetworking.h */ = {isa = PBXFileReference; fileEncoding = 4; lastKnownFileType = sourcecode.c.h; path = "UIImageView+AFNetworking.h"; sourceTree = "<group>"; };
		5225805A15FA020300399FB4 /* UIImageView+AFNetworking.m */ = {isa = PBXFileReference; fileEncoding = 4; lastKnownFileType = sourcecode.c.objc; path = "UIImageView+AFNetworking.m"; sourceTree = "<group>"; };
		526855501602FE1400003716 /* home.jpg */ = {isa = PBXFileReference; lastKnownFileType = image.jpeg; path = home.jpg; sourceTree = "<group>"; };
		5293F9301608660C000E6906 /* ProfileViewController.h */ = {isa = PBXFileReference; fileEncoding = 4; lastKnownFileType = sourcecode.c.h; path = ProfileViewController.h; sourceTree = "<group>"; };
		5293F9311608660C000E6906 /* ProfileViewController.m */ = {isa = PBXFileReference; fileEncoding = 4; lastKnownFileType = sourcecode.c.objc; path = ProfileViewController.m; sourceTree = "<group>"; };
		5293F9331608698E000E6906 /* user.h */ = {isa = PBXFileReference; fileEncoding = 4; lastKnownFileType = sourcecode.c.h; path = user.h; sourceTree = "<group>"; };
		5293F9341608698E000E6906 /* user.m */ = {isa = PBXFileReference; fileEncoding = 4; lastKnownFileType = sourcecode.c.objc; path = user.m; sourceTree = "<group>"; };
		5293F93616086C02000E6906 /* miniUser.h */ = {isa = PBXFileReference; fileEncoding = 4; lastKnownFileType = sourcecode.c.h; path = miniUser.h; sourceTree = "<group>"; };
		5293F93716086C02000E6906 /* miniUser.m */ = {isa = PBXFileReference; fileEncoding = 4; lastKnownFileType = sourcecode.c.objc; path = miniUser.m; sourceTree = "<group>"; };
		52ABA4211606F1F000F3C86C /* tweet.h */ = {isa = PBXFileReference; fileEncoding = 4; lastKnownFileType = sourcecode.c.h; path = tweet.h; sourceTree = "<group>"; };
		52ABA4221606F1F000F3C86C /* tweet.m */ = {isa = PBXFileReference; fileEncoding = 4; lastKnownFileType = sourcecode.c.objc; path = tweet.m; sourceTree = "<group>"; };
		52ABA4251606F5E000F3C86C /* SearchTwitterViewControllerViewController.h */ = {isa = PBXFileReference; fileEncoding = 4; lastKnownFileType = sourcecode.c.h; path = SearchTwitterViewControllerViewController.h; sourceTree = "<group>"; };
		52ABA4261606F5E000F3C86C /* SearchTwitterViewControllerViewController.m */ = {isa = PBXFileReference; fileEncoding = 4; lastKnownFileType = sourcecode.c.objc; path = SearchTwitterViewControllerViewController.m; sourceTree = "<group>"; };
		52ABA428160757BA00F3C86C /* ConnectViewController.h */ = {isa = PBXFileReference; fileEncoding = 4; lastKnownFileType = sourcecode.c.h; path = ConnectViewController.h; sourceTree = "<group>"; };
		52ABA429160757BA00F3C86C /* ConnectViewController.m */ = {isa = PBXFileReference; fileEncoding = 4; lastKnownFileType = sourcecode.c.objc; path = ConnectViewController.m; sourceTree = "<group>"; };
		52C58F7B15F87A3B003E84AE /* TweetMini.app */ = {isa = PBXFileReference; explicitFileType = wrapper.application; includeInIndex = 0; path = TweetMini.app; sourceTree = BUILT_PRODUCTS_DIR; };
		52C58F7F15F87A3B003E84AE /* UIKit.framework */ = {isa = PBXFileReference; lastKnownFileType = wrapper.framework; name = UIKit.framework; path = System/Library/Frameworks/UIKit.framework; sourceTree = SDKROOT; };
		52C58F8115F87A3B003E84AE /* Foundation.framework */ = {isa = PBXFileReference; lastKnownFileType = wrapper.framework; name = Foundation.framework; path = System/Library/Frameworks/Foundation.framework; sourceTree = SDKROOT; };
		52C58F8315F87A3B003E84AE /* CoreGraphics.framework */ = {isa = PBXFileReference; lastKnownFileType = wrapper.framework; name = CoreGraphics.framework; path = System/Library/Frameworks/CoreGraphics.framework; sourceTree = SDKROOT; };
		52C58F8715F87A3B003E84AE /* TweetMini-Info.plist */ = {isa = PBXFileReference; lastKnownFileType = text.plist.xml; path = "TweetMini-Info.plist"; sourceTree = "<group>"; };
		52C58F8915F87A3B003E84AE /* en */ = {isa = PBXFileReference; lastKnownFileType = text.plist.strings; name = en; path = en.lproj/InfoPlist.strings; sourceTree = "<group>"; };
		52C58F8B15F87A3B003E84AE /* main.m */ = {isa = PBXFileReference; lastKnownFileType = sourcecode.c.objc; path = main.m; sourceTree = "<group>"; };
		52C58F8D15F87A3B003E84AE /* TweetMini-Prefix.pch */ = {isa = PBXFileReference; lastKnownFileType = sourcecode.c.h; path = "TweetMini-Prefix.pch"; sourceTree = "<group>"; };
		52C58F8E15F87A3B003E84AE /* tweetMiniAppDelegate.h */ = {isa = PBXFileReference; lastKnownFileType = sourcecode.c.h; path = tweetMiniAppDelegate.h; sourceTree = "<group>"; };
		52C58F8F15F87A3B003E84AE /* tweetMiniAppDelegate.m */ = {isa = PBXFileReference; lastKnownFileType = sourcecode.c.objc; path = tweetMiniAppDelegate.m; sourceTree = "<group>"; };
		52C58F9215F87A3B003E84AE /* en */ = {isa = PBXFileReference; lastKnownFileType = file.storyboard; name = en; path = en.lproj/MainStoryboard.storyboard; sourceTree = "<group>"; };
		52C58F9415F87A3B003E84AE /* tweetMiniViewController.h */ = {isa = PBXFileReference; lastKnownFileType = sourcecode.c.h; path = tweetMiniViewController.h; sourceTree = "<group>"; };
		52C58F9515F87A3B003E84AE /* tweetMiniViewController.m */ = {isa = PBXFileReference; lastKnownFileType = sourcecode.c.objc; path = tweetMiniViewController.m; sourceTree = "<group>"; };
		52DCF3E115FE01EA00EF93EB /* Twitter.framework */ = {isa = PBXFileReference; lastKnownFileType = wrapper.framework; name = Twitter.framework; path = System/Library/Frameworks/Twitter.framework; sourceTree = SDKROOT; };
		52DCF3E415FE06A100EF93EB /* Accounts.framework */ = {isa = PBXFileReference; lastKnownFileType = wrapper.framework; name = Accounts.framework; path = System/Library/Frameworks/Accounts.framework; sourceTree = SDKROOT; };
		52F9215915FF11DE00060202 /* HomeViewController.h */ = {isa = PBXFileReference; fileEncoding = 4; lastKnownFileType = sourcecode.c.h; path = HomeViewController.h; sourceTree = "<group>"; };
		52F9215A15FF11DE00060202 /* HomeViewController.m */ = {isa = PBXFileReference; fileEncoding = 4; lastKnownFileType = sourcecode.c.objc; path = HomeViewController.m; sourceTree = "<group>"; };
/* End PBXFileReference section */

/* Begin PBXFrameworksBuildPhase section */
		52C58F7815F87A3B003E84AE /* Frameworks */ = {
			isa = PBXFrameworksBuildPhase;
			buildActionMask = 2147483647;
			files = (
				52C58F8015F87A3B003E84AE /* UIKit.framework in Frameworks */,
				52C58F8215F87A3B003E84AE /* Foundation.framework in Frameworks */,
				52C58F8415F87A3B003E84AE /* CoreGraphics.framework in Frameworks */,
				52DCF3E515FE06A100EF93EB /* Accounts.framework in Frameworks */,
				52DCF3E215FE01EA00EF93EB /* Twitter.framework in Frameworks */,
			);
			runOnlyForDeploymentPostprocessing = 0;
		};
/* End PBXFrameworksBuildPhase section */

/* Begin PBXGroup section */
		5225804515FA020300399FB4 /* AFNetworking */ = {
			isa = PBXGroup;
			children = (
				5225804615FA020300399FB4 /* AFHTTPClient.h */,
				5225804715FA020300399FB4 /* AFHTTPClient.m */,
				5225804815FA020300399FB4 /* AFHTTPRequestOperation.h */,
				5225804915FA020300399FB4 /* AFHTTPRequestOperation.m */,
				5225804A15FA020300399FB4 /* AFImageRequestOperation.h */,
				5225804B15FA020300399FB4 /* AFImageRequestOperation.m */,
				5225804C15FA020300399FB4 /* AFJSONRequestOperation.h */,
				5225804D15FA020300399FB4 /* AFJSONRequestOperation.m */,
				5225804E15FA020300399FB4 /* AFJSONUtilities.h */,
				5225804F15FA020300399FB4 /* AFJSONUtilities.m */,
				5225805015FA020300399FB4 /* AFNetworkActivityIndicatorManager.h */,
				5225805115FA020300399FB4 /* AFNetworkActivityIndicatorManager.m */,
				5225805215FA020300399FB4 /* AFNetworking.h */,
				5225805315FA020300399FB4 /* AFPropertyListRequestOperation.h */,
				5225805415FA020300399FB4 /* AFPropertyListRequestOperation.m */,
				5225805515FA020300399FB4 /* AFURLConnectionOperation.h */,
				5225805615FA020300399FB4 /* AFURLConnectionOperation.m */,
				5225805715FA020300399FB4 /* AFXMLRequestOperation.h */,
				5225805815FA020300399FB4 /* AFXMLRequestOperation.m */,
				5225805915FA020300399FB4 /* UIImageView+AFNetworking.h */,
				5225805A15FA020300399FB4 /* UIImageView+AFNetworking.m */,
			);
			path = AFNetworking;
			sourceTree = "<group>";
		};
		52C58F7015F87A3B003E84AE = {
			isa = PBXGroup;
			children = (
				52C58F8515F87A3B003E84AE /* TweetMini */,
				52C58F7E15F87A3B003E84AE /* Frameworks */,
				52C58F7C15F87A3B003E84AE /* Products */,
			);
			sourceTree = "<group>";
		};
		52C58F7C15F87A3B003E84AE /* Products */ = {
			isa = PBXGroup;
			children = (
				52C58F7B15F87A3B003E84AE /* TweetMini.app */,
			);
			name = Products;
			sourceTree = "<group>";
		};
		52C58F7E15F87A3B003E84AE /* Frameworks */ = {
			isa = PBXGroup;
			children = (
				52DCF3E415FE06A100EF93EB /* Accounts.framework */,
				52DCF3E115FE01EA00EF93EB /* Twitter.framework */,
				52C58F7F15F87A3B003E84AE /* UIKit.framework */,
				52C58F8115F87A3B003E84AE /* Foundation.framework */,
				52C58F8315F87A3B003E84AE /* CoreGraphics.framework */,
			);
			name = Frameworks;
			sourceTree = "<group>";
		};
		52C58F8515F87A3B003E84AE /* TweetMini */ = {
			isa = PBXGroup;
			children = (
				5225804515FA020300399FB4 /* AFNetworking */,
				52C58F8E15F87A3B003E84AE /* tweetMiniAppDelegate.h */,
				52C58F8F15F87A3B003E84AE /* tweetMiniAppDelegate.m */,
				52C58F9115F87A3B003E84AE /* MainStoryboard.storyboard */,
				52C58F9415F87A3B003E84AE /* tweetMiniViewController.h */,
				52C58F9515F87A3B003E84AE /* tweetMiniViewController.m */,
				520F2C6415FDB6DA00C06850 /* newTweetViewController.h */,
				520F2C6515FDB6DA00C06850 /* newTweetViewController.m */,
				52F9215915FF11DE00060202 /* HomeViewController.h */,
				52F9215A15FF11DE00060202 /* HomeViewController.m */,
				52ABA4211606F1F000F3C86C /* tweet.h */,
				52ABA4221606F1F000F3C86C /* tweet.m */,
				52ABA4251606F5E000F3C86C /* SearchTwitterViewControllerViewController.h */,
				52ABA4261606F5E000F3C86C /* SearchTwitterViewControllerViewController.m */,
				52ABA428160757BA00F3C86C /* ConnectViewController.h */,
				52ABA429160757BA00F3C86C /* ConnectViewController.m */,
				52C58F8615F87A3B003E84AE /* Supporting Files */,
				5293F9301608660C000E6906 /* ProfileViewController.h */,
				5293F9311608660C000E6906 /* ProfileViewController.m */,
				5293F9331608698E000E6906 /* user.h */,
				5293F9341608698E000E6906 /* user.m */,
				5293F93616086C02000E6906 /* miniUser.h */,
				5293F93716086C02000E6906 /* miniUser.m */,
			);
			path = TweetMini;
			sourceTree = "<group>";
		};
		52C58F8615F87A3B003E84AE /* Supporting Files */ = {
			isa = PBXGroup;
			children = (
				526855501602FE1400003716 /* home.jpg */,
				52C58F8715F87A3B003E84AE /* TweetMini-Info.plist */,
				52C58F8815F87A3B003E84AE /* InfoPlist.strings */,
				52C58F8B15F87A3B003E84AE /* main.m */,
				52C58F8D15F87A3B003E84AE /* TweetMini-Prefix.pch */,
			);
			name = "Supporting Files";
			sourceTree = "<group>";
		};
/* End PBXGroup section */

/* Begin PBXNativeTarget section */
		52C58F7A15F87A3B003E84AE /* TweetMini */ = {
			isa = PBXNativeTarget;
			buildConfigurationList = 52C58F9915F87A3B003E84AE /* Build configuration list for PBXNativeTarget "TweetMini" */;
			buildPhases = (
				52C58F7715F87A3B003E84AE /* Sources */,
				52C58F7815F87A3B003E84AE /* Frameworks */,
				52C58F7915F87A3B003E84AE /* Resources */,
			);
			buildRules = (
			);
			dependencies = (
			);
			name = TweetMini;
			productName = TweetMini;
			productReference = 52C58F7B15F87A3B003E84AE /* TweetMini.app */;
			productType = "com.apple.product-type.application";
		};
/* End PBXNativeTarget section */

/* Begin PBXProject section */
		52C58F7215F87A3B003E84AE /* Project object */ = {
			isa = PBXProject;
			attributes = {
				CLASSPREFIX = tweetMini;
				LastUpgradeCheck = 0430;
			};
			buildConfigurationList = 52C58F7515F87A3B003E84AE /* Build configuration list for PBXProject "TweetMini" */;
			compatibilityVersion = "Xcode 3.2";
			developmentRegion = English;
			hasScannedForEncodings = 0;
			knownRegions = (
				en,
			);
			mainGroup = 52C58F7015F87A3B003E84AE;
			productRefGroup = 52C58F7C15F87A3B003E84AE /* Products */;
			projectDirPath = "";
			projectRoot = "";
			targets = (
				52C58F7A15F87A3B003E84AE /* TweetMini */,
			);
		};
/* End PBXProject section */

/* Begin PBXResourcesBuildPhase section */
		52C58F7915F87A3B003E84AE /* Resources */ = {
			isa = PBXResourcesBuildPhase;
			buildActionMask = 2147483647;
			files = (
				52C58F8A15F87A3B003E84AE /* InfoPlist.strings in Resources */,
				52C58F9315F87A3B003E84AE /* MainStoryboard.storyboard in Resources */,
				526855511602FE1400003716 /* home.jpg in Resources */,
			);
			runOnlyForDeploymentPostprocessing = 0;
		};
/* End PBXResourcesBuildPhase section */

/* Begin PBXSourcesBuildPhase section */
		52C58F7715F87A3B003E84AE /* Sources */ = {
			isa = PBXSourcesBuildPhase;
			buildActionMask = 2147483647;
			files = (
				52C58F8C15F87A3B003E84AE /* main.m in Sources */,
				52C58F9015F87A3B003E84AE /* tweetMiniAppDelegate.m in Sources */,
				52C58F9615F87A3B003E84AE /* tweetMiniViewController.m in Sources */,
				5225805B15FA020300399FB4 /* AFHTTPClient.m in Sources */,
				5225805C15FA020300399FB4 /* AFHTTPRequestOperation.m in Sources */,
				5225805D15FA020300399FB4 /* AFImageRequestOperation.m in Sources */,
				5225805E15FA020300399FB4 /* AFJSONRequestOperation.m in Sources */,
				5225805F15FA020300399FB4 /* AFJSONUtilities.m in Sources */,
				5225806015FA020300399FB4 /* AFNetworkActivityIndicatorManager.m in Sources */,
				5225806115FA020300399FB4 /* AFPropertyListRequestOperation.m in Sources */,
				5225806215FA020300399FB4 /* AFURLConnectionOperation.m in Sources */,
				5225806315FA020300399FB4 /* AFXMLRequestOperation.m in Sources */,
				5225806415FA020300399FB4 /* UIImageView+AFNetworking.m in Sources */,
				520F2C6615FDB6DA00C06850 /* newTweetViewController.m in Sources */,
				52F9215B15FF11DE00060202 /* HomeViewController.m in Sources */,
				52ABA4231606F1F000F3C86C /* tweet.m in Sources */,
				52ABA4271606F5E000F3C86C /* SearchTwitterViewControllerViewController.m in Sources */,
				52ABA42A160757BA00F3C86C /* ConnectViewController.m in Sources */,
				5293F9321608660C000E6906 /* ProfileViewController.m in Sources */,
				5293F9351608698E000E6906 /* user.m in Sources */,
				5293F93816086C02000E6906 /* miniUser.m in Sources */,
			);
			runOnlyForDeploymentPostprocessing = 0;
		};
/* End PBXSourcesBuildPhase section */

/* Begin PBXVariantGroup section */
		52C58F8815F87A3B003E84AE /* InfoPlist.strings */ = {
			isa = PBXVariantGroup;
			children = (
				52C58F8915F87A3B003E84AE /* en */,
			);
			name = InfoPlist.strings;
			sourceTree = "<group>";
		};
		52C58F9115F87A3B003E84AE /* MainStoryboard.storyboard */ = {
			isa = PBXVariantGroup;
			children = (
				52C58F9215F87A3B003E84AE /* en */,
			);
			name = MainStoryboard.storyboard;
			sourceTree = "<group>";
		};
/* End PBXVariantGroup section */

/* Begin XCBuildConfiguration section */
		52C58F9715F87A3B003E84AE /* Debug */ = {
			isa = XCBuildConfiguration;
			buildSettings = {
				ALWAYS_SEARCH_USER_PATHS = NO;
				ARCHS = "$(ARCHS_STANDARD_32_BIT)";
				CLANG_ENABLE_OBJC_ARC = YES;
				"CODE_SIGN_IDENTITY[sdk=iphoneos*]" = "iPhone Developer";
				COPY_PHASE_STRIP = NO;
				GCC_C_LANGUAGE_STANDARD = gnu99;
				GCC_DYNAMIC_NO_PIC = NO;
				GCC_OPTIMIZATION_LEVEL = 0;
				GCC_PREPROCESSOR_DEFINITIONS = (
					"DEBUG=1",
					"$(inherited)",
				);
				GCC_SYMBOLS_PRIVATE_EXTERN = NO;
				GCC_VERSION = com.apple.compilers.llvm.clang.1_0;
				GCC_WARN_ABOUT_RETURN_TYPE = YES;
				GCC_WARN_UNINITIALIZED_AUTOS = YES;
				GCC_WARN_UNUSED_VARIABLE = YES;
				IPHONEOS_DEPLOYMENT_TARGET = 5.1;
				SDKROOT = iphoneos;
			};
			name = Debug;
		};
		52C58F9815F87A3B003E84AE /* Release */ = {
			isa = XCBuildConfiguration;
			buildSettings = {
				ALWAYS_SEARCH_USER_PATHS = NO;
				ARCHS = "$(ARCHS_STANDARD_32_BIT)";
				CLANG_ENABLE_OBJC_ARC = YES;
				"CODE_SIGN_IDENTITY[sdk=iphoneos*]" = "iPhone Developer";
				COPY_PHASE_STRIP = YES;
				GCC_C_LANGUAGE_STANDARD = gnu99;
				GCC_VERSION = com.apple.compilers.llvm.clang.1_0;
				GCC_WARN_ABOUT_RETURN_TYPE = YES;
				GCC_WARN_UNINITIALIZED_AUTOS = YES;
				GCC_WARN_UNUSED_VARIABLE = YES;
				IPHONEOS_DEPLOYMENT_TARGET = 5.1;
				OTHER_CFLAGS = "-DNS_BLOCK_ASSERTIONS=1";
				SDKROOT = iphoneos;
				VALIDATE_PRODUCT = YES;
			};
			name = Release;
		};
		52C58F9A15F87A3B003E84AE /* Debug */ = {
			isa = XCBuildConfiguration;
			buildSettings = {
				GCC_PRECOMPILE_PREFIX_HEADER = YES;
				GCC_PREFIX_HEADER = "TweetMini/TweetMini-Prefix.pch";
				INFOPLIST_FILE = "TweetMini/TweetMini-Info.plist";
				PRODUCT_NAME = "$(TARGET_NAME)";
				WRAPPER_EXTENSION = app;
			};
			name = Debug;
		};
		52C58F9B15F87A3B003E84AE /* Release */ = {
			isa = XCBuildConfiguration;
			buildSettings = {
				GCC_PRECOMPILE_PREFIX_HEADER = YES;
				GCC_PREFIX_HEADER = "TweetMini/TweetMini-Prefix.pch";
				INFOPLIST_FILE = "TweetMini/TweetMini-Info.plist";
				PRODUCT_NAME = "$(TARGET_NAME)";
				WRAPPER_EXTENSION = app;
			};
			name = Release;
		};
/* End XCBuildConfiguration section */

/* Begin XCConfigurationList section */
		52C58F7515F87A3B003E84AE /* Build configuration list for PBXProject "TweetMini" */ = {
			isa = XCConfigurationList;
			buildConfigurations = (
				52C58F9715F87A3B003E84AE /* Debug */,
				52C58F9815F87A3B003E84AE /* Release */,
			);
			defaultConfigurationIsVisible = 0;
			defaultConfigurationName = Release;
		};
		52C58F9915F87A3B003E84AE /* Build configuration list for PBXNativeTarget "TweetMini" */ = {
			isa = XCConfigurationList;
			buildConfigurations = (
				52C58F9A15F87A3B003E84AE /* Debug */,
				52C58F9B15F87A3B003E84AE /* Release */,
			);
			defaultConfigurationIsVisible = 0;
			defaultConfigurationName = Release;
		};
/* End XCConfigurationList section */
	};
	rootObject = 52C58F7215F87A3B003E84AE /* Project object */;
}
